
Microsoft Visual Studio Solution File, Format Version 12.00
# Visual Studio Version 17
VisualStudioVersion = 17.5.33424.131
MinimumVisualStudioVersion = 10.0.40219.1
Project("{FAE04EC0-301F-11D3-BF4B-00C04F79EFBC}") = "Etap0", "Etap0\Etap0.csproj", "{98AD3996-4A3B-477C-B1D5-A979DD9E5801}"
EndProject
Global
	GlobalSection(SolutionConfigurationPlatforms) = preSolution
		Debug|Any CPU = Debug|Any CPU
		Release|Any CPU = Release|Any CPU
	EndGlobalSection
	GlobalSection(ProjectConfigurationPlatforms) = postSolution
		{98AD3996-4A3B-477C-B1D5-A979DD9E5801}.Debug|Any CPU.ActiveCfg = Debug|Any CPU
		{98AD3996-4A3B-477C-B1D5-A979DD9E5801}.Debug|Any CPU.Build.0 = Debug|Any CPU
		{98AD3996-4A3B-477C-B1D5-A979DD9E5801}.Release|Any CPU.ActiveCfg = Release|Any CPU
		{98AD3996-4A3B-477C-B1D5-A979DD9E5801}.Release|Any CPU.Build.0 = Release|Any CPU
	EndGlobalSection
	GlobalSection(SolutionProperties) = preSolution
		HideSolutionNode = FALSE
	EndGlobalSection
	GlobalSection(ExtensibilityGlobals) = postSolution
		SolutionGuid = {CC983D4B-F0F5-4D81-8B6A-A56F55BD40CD}
	EndGlobalSection
EndGlobal
