
Microsoft Visual Studio Solution File, Format Version 12.00
# Visual Studio Version 17
VisualStudioVersion = 17.5.33424.131
MinimumVisualStudioVersion = 10.0.40219.1
Project("{FAE04EC0-301F-11D3-BF4B-00C04F79EFBC}") = "Kule", "Kule.csproj", "{EC5123FC-5A4E-4C78-B0C6-9632B4FE3A0F}"
EndProject
Project("{FAE04EC0-301F-11D3-BF4B-00C04F79EFBC}") = "KuleTest", "..\KuleTest\KuleTest.csproj", "{B04EBFB0-8B7E-4508-A046-A3A43DEBAEF6}"
EndProject
Global
	GlobalSection(SolutionConfigurationPlatforms) = preSolution
		Debug|Any CPU = Debug|Any CPU
		Release|Any CPU = Release|Any CPU
	EndGlobalSection
	GlobalSection(ProjectConfigurationPlatforms) = postSolution
		{EC5123FC-5A4E-4C78-B0C6-9632B4FE3A0F}.Debug|Any CPU.ActiveCfg = Debug|Any CPU
		{EC5123FC-5A4E-4C78-B0C6-9632B4FE3A0F}.Debug|Any CPU.Build.0 = Debug|Any CPU
		{EC5123FC-5A4E-4C78-B0C6-9632B4FE3A0F}.Release|Any CPU.ActiveCfg = Release|Any CPU
		{EC5123FC-5A4E-4C78-B0C6-9632B4FE3A0F}.Release|Any CPU.Build.0 = Release|Any CPU
		{B04EBFB0-8B7E-4508-A046-A3A43DEBAEF6}.Debug|Any CPU.ActiveCfg = Debug|Any CPU
		{B04EBFB0-8B7E-4508-A046-A3A43DEBAEF6}.Debug|Any CPU.Build.0 = Debug|Any CPU
		{B04EBFB0-8B7E-4508-A046-A3A43DEBAEF6}.Release|Any CPU.ActiveCfg = Release|Any CPU
		{B04EBFB0-8B7E-4508-A046-A3A43DEBAEF6}.Release|Any CPU.Build.0 = Release|Any CPU
	EndGlobalSection
	GlobalSection(SolutionProperties) = preSolution
		HideSolutionNode = FALSE
	EndGlobalSection
	GlobalSection(ExtensibilityGlobals) = postSolution
		SolutionGuid = {C0D9396F-BEF8-418E-8819-9DABC6B79064}
	EndGlobalSection
EndGlobal
